Microsoft Visual Studio Solution File, Format Version 10.00
# Visual Studio 2008
Project("{FAE04EC0-301F-11D3-BF4B-00C04F79EFBC}") = "CR_Documentor", "Plugin\CR_Documentor.csproj", "{9229512A-C004-46FD-8CEE-D096C883E827}"
EndProject
Project("{FAE04EC0-301F-11D3-BF4B-00C04F79EFBC}") = "DocTest", "DocTest\DocTest.csproj", "{56C704F2-A485-493D-B71C-0AA640B5C8E0}"
EndProject
Project("{F184B08F-C81C-45F6-A57F-5ABD9991F28F}") = "DocTestVB", "DocTestVB\DocTestVB.vbproj", "{80894556-B83D-4F5A-A12D-ADBBB5244B99}"
EndProject
Project("{2150E333-8FDC-42A3-9474-1A3956D46DE8}") = "Solution Items", "Solution Items", "{51EEFFC5-A69C-4C62-9683-83D8E4162F17}"
	ProjectSection(SolutionItems) = preProject
		AssemblyVersion.cs = AssemblyVersion.cs
		AssemblyVersion.vb = AssemblyVersion.vb
		Default.proj = Default.proj
		readme.html = readme.html
	EndProjectSection
EndProject
Project("{FAE04EC0-301F-11D3-BF4B-00C04F79EFBC}") = "CR_Documentor.Test", "CR_Documentor.Test\CR_Documentor.Test.csproj", "{63B82EFB-4D5C-4967-AB9D-729CEF225A06}"
EndProject
Global
	GlobalSection(SolutionConfigurationPlatforms) = preSolution
		Debug|Any CPU = Debug|Any CPU
		Release|Any CPU = Release|Any CPU
	EndGlobalSection
	GlobalSection(ProjectConfigurationPlatforms) = postSolution
		{9229512A-C004-46FD-8CEE-D096C883E827}.Debug|Any CPU.ActiveCfg = Debug|Any CPU
		{9229512A-C004-46FD-8CEE-D096C883E827}.Debug|Any CPU.Build.0 = Debug|Any CPU
		{9229512A-C004-46FD-8CEE-D096C883E827}.Release|Any CPU.ActiveCfg = Release|Any CPU
		{9229512A-C004-46FD-8CEE-D096C883E827}.Release|Any CPU.Build.0 = Release|Any CPU
		{56C704F2-A485-493D-B71C-0AA640B5C8E0}.Debug|Any CPU.ActiveCfg = Debug|Any CPU
		{56C704F2-A485-493D-B71C-0AA640B5C8E0}.Debug|Any CPU.Build.0 = Debug|Any CPU
		{56C704F2-A485-493D-B71C-0AA640B5C8E0}.Release|Any CPU.ActiveCfg = Release|Any CPU
		{56C704F2-A485-493D-B71C-0AA640B5C8E0}.Release|Any CPU.Build.0 = Release|Any CPU
		{80894556-B83D-4F5A-A12D-ADBBB5244B99}.Debug|Any CPU.ActiveCfg = Debug|Any CPU
		{80894556-B83D-4F5A-A12D-ADBBB5244B99}.Debug|Any CPU.Build.0 = Debug|Any CPU
		{80894556-B83D-4F5A-A12D-ADBBB5244B99}.Release|Any CPU.ActiveCfg = Release|Any CPU
		{80894556-B83D-4F5A-A12D-ADBBB5244B99}.Release|Any CPU.Build.0 = Release|Any CPU
		{63B82EFB-4D5C-4967-AB9D-729CEF225A06}.Debug|Any CPU.ActiveCfg = Debug|Any CPU
		{63B82EFB-4D5C-4967-AB9D-729CEF225A06}.Debug|Any CPU.Build.0 = Debug|Any CPU
		{63B82EFB-4D5C-4967-AB9D-729CEF225A06}.Release|Any CPU.ActiveCfg = Release|Any CPU
		{63B82EFB-4D5C-4967-AB9D-729CEF225A06}.Release|Any CPU.Build.0 = Release|Any CPU
	EndGlobalSection
	GlobalSection(SolutionProperties) = preSolution
		HideSolutionNode = FALSE
	EndGlobalSection
EndGlobal
